{
  "nodes": {
    "agenix": {
      "inputs": {
        "darwin": "darwin",
        "home-manager": "home-manager",
        "nixpkgs": [
          "nixpkgs"
        ],
        "systems": "systems"
      },
      "locked": {
        "lastModified": 1770165109,
        "narHash": "sha256-9VnK6Oqai65puVJ4WYtCTvlJeXxMzAp/69HhQuTdl/I=",
        "owner": "ryantm",
        "repo": "agenix",
        "rev": "b027ee29d959fda4b60b57566d64c98a202e0feb",
        "type": "github"
      },
      "original": {
        "owner": "ryantm",
        "repo": "agenix",
        "type": "github"
      }
    },
    "brew-src": {
      "flake": false,
      "locked": {
        "lastModified": 1778427648,
        "narHash": "sha256-pt9KaDGsMyYWB9JeHs4XGHs870f1lOZe3vx9LpVIhUE=",
        "owner": "Homebrew",
        "repo": "brew",
        "rev": "6f293daa9f9f5832e13b497976335e90509886d7",
        "type": "github"
      },
      "original": {
        "owner": "Homebrew",
        "ref": "5.1.11",
        "repo": "brew",
        "type": "github"
      }
    },
    "darwin": {
      "inputs": {
        "nixpkgs": [
          "agenix",
          "nixpkgs"
        ]
      },
      "locked": {
        "lastModified": 1744478979,
        "narHash": "sha256-dyN+teG9G82G+m+PX/aSAagkC+vUv0SgUw3XkPhQodQ=",
        "owner": "lnl7",
        "repo": "nix-darwin",
        "rev": "43975d782b418ebf4969e9ccba82466728c2851b",
        "type": "github"
      },
      "original": {
        "owner": "lnl7",
        "ref": "master",
        "repo": "nix-darwin",
        "type": "github"
      }
    },
    "flake-parts": {
      "inputs": {
        "nixpkgs-lib": "nixpkgs-lib"
      },
      "locked": {
        "lastModified": 1778716662,
        "narHash": "sha256-m1Yf0wZ8j1OHjTc2UwHwyQRSnNeSgLJOd7q5Y45hzi4=",
        "owner": "hercules-ci",
        "repo": "flake-parts",
        "rev": "f7c1a2d347e4c52d5fb8d10cb4d94b5884e546fb",
        "type": "github"
      },
      "original": {
        "owner": "hercules-ci",
        "repo": "flake-parts",
        "type": "github"
      }
    },
    "home-manager": {
      "inputs": {
        "nixpkgs": [
          "agenix",
          "nixpkgs"
        ]
      },
      "locked": {
        "lastModified": 1745494811,
        "narHash": "sha256-YZCh2o9Ua1n9uCvrvi5pRxtuVNml8X2a03qIFfRKpFs=",
        "owner": "nix-community",
        "repo": "home-manager",
        "rev": "abfad3d2958c9e6300a883bd443512c55dfeb1be",
        "type": "github"
      },
      "original": {
        "owner": "nix-community",
        "repo": "home-manager",
        "type": "github"
      }
    },
    "home-manager_2": {
      "inputs": {
        "nixpkgs": [
          "nixpkgs"
        ]
      },
      "locked": {
        "lastModified": 1779506708,
        "narHash": "sha256-QOD/CNm196nCJRheux/URi4/HE66fthdOMqCJoPP1Y0=",
        "owner": "nix-community",
        "repo": "home-manager",
        "rev": "3ee51fbdac8c8bdfe1e7e1fcaba6520a563f394f",
        "type": "github"
      },
      "original": {
        "owner": "nix-community",
        "ref": "release-25.11",
        "repo": "home-manager",
        "type": "github"
      }
    },
    "homebrew-cask": {
      "flake": false,
      "locked": {
        "lastModified": 1779963650,
        "narHash": "sha256-5Gw+3LP02GrTNBbE29GZuDQWwsWZy3/xVJqhSeMw3C8=",
        "ref": "refs/heads/main",
        "rev": "38be0a72c69299395e85a9ea427aa804364d6111",
        "shallow": true,
        "type": "git",
        "url": "https://mirrors.ustc.edu.cn/homebrew-cask.git"
      },
      "original": {
        "shallow": true,
        "type": "git",
        "url": "https://mirrors.ustc.edu.cn/homebrew-cask.git"
      }
    },
    "homebrew-core": {
      "flake": false,
      "locked": {
        "lastModified": 1779964212,
        "narHash": "sha256-J0EwwoJ6zSu/AW3pquVXXftzAVomOVXvazMeAFP2jiE=",
        "ref": "refs/heads/main",
        "rev": "911fa42bc9f9daba04b595afe0369b7f34bd4fa7",
        "shallow": true,
        "type": "git",
        "url": "https://mirrors.ustc.edu.cn/homebrew-core.git"
      },
      "original": {
        "shallow": true,
        "type": "git",
        "url": "https://mirrors.ustc.edu.cn/homebrew-core.git"
      }
    },
    "nix-darwin": {
      "inputs": {
        "nixpkgs": [
          "nixpkgs"
        ]
      },
      "locked": {
        "lastModified": 1772129556,
        "narHash": "sha256-Utk0zd8STPsUJPyjabhzPc5BpPodLTXrwkpXBHYnpeg=",
        "owner": "lnl7",
        "repo": "nix-darwin",
        "rev": "ebec37af18215214173c98cf6356d0aca24a2585",
        "type": "github"
      },
      "original": {
        "owner": "lnl7",
        "ref": "nix-darwin-25.11",
        "repo": "nix-darwin",
        "type": "github"
      }
    },
    "nix-homebrew": {
      "inputs": {
        "brew-src": "brew-src"
      },
      "locked": {
        "lastModified": 1778851564,
        "narHash": "sha256-p8wzcnpB2Iys+QzAKM9/Eyw/pUyqCO3sw/NCnDH4dTE=",
        "owner": "zhaofengli",
        "repo": "nix-homebrew",
        "rev": "b3a87b4793205cc111f3c61e25e018ffac3b8039",
        "type": "github"
      },
      "original": {
        "owner": "zhaofengli",
        "repo": "nix-homebrew",
        "type": "github"
      }
    },
    "nixpkgs": {
      "locked": {
        "lastModified": 1779622033,
        "narHash": "sha256-v+zbiV1cvvLjKPR4dbvbdFClwIhPv8bc3wx0QpxddhM=",
        "type": "tarball",
        "url": "https://mirrors.ustc.edu.cn/nix-channels/nixos-25.11/nixexprs.tar.xz"
      },
      "original": {
        "type": "tarball",
        "url": "https://mirrors.ustc.edu.cn/nix-channels/nixos-25.11/nixexprs.tar.xz"
      }
    },
    "nixpkgs-darwin": {
      "locked": {
        "lastModified": 1779813814,
        "narHash": "sha256-MTRlb6MbtV8O9boJJeRYdqYV1IBvYZ8wXjIJXF6QDMQ=",
        "owner": "nixos",
        "repo": "nixpkgs",
        "rev": "283ec1093a0e5aabd89aee53200d86aeb5b01401",
        "type": "github"
      },
      "original": {
        "owner": "nixos",
        "ref": "nixpkgs-25.11-darwin",
        "repo": "nixpkgs",
        "type": "github"
      }
    },
    "nixpkgs-lib": {
      "locked": {
        "lastModified": 1777168982,
        "narHash": "sha256-GOkGPcboWE9BmGCRMLX3worL4EMnsnG8MyKmXNeYuhQ=",
        "owner": "nix-community",
        "repo": "nixpkgs.lib",
        "rev": "f5901329dade4a6ea039af1433fb087bd9c1fe14",
        "type": "github"
      },
      "original": {
        "owner": "nix-community",
        "repo": "nixpkgs.lib",
        "type": "github"
      }
    },
    "nixpkgs-unstable": {
      "locked": {
        "lastModified": 1779721163,
        "narHash": "sha256-NpH8iEQ5JHv/BtUuzTEXUMDxPLetCDzIv4OxL8H7Kps=",
        "type": "tarball",
        "url": "https://mirrors.ustc.edu.cn/nix-channels/nixos-unstable/nixexprs.tar.xz"
      },
      "original": {
        "type": "tarball",
        "url": "https://mirrors.ustc.edu.cn/nix-channels/nixos-unstable/nixexprs.tar.xz"
      }
    },
    "root": {
      "inputs": {
        "agenix": "agenix",
        "flake-parts": "flake-parts",
        "home-manager": "home-manager_2",
        "homebrew-cask": "homebrew-cask",
        "homebrew-core": "homebrew-core",
        "nix-darwin": "nix-darwin",
        "nix-homebrew": "nix-homebrew",
        "nixpkgs": "nixpkgs",
        "nixpkgs-darwin": "nixpkgs-darwin",
        "nixpkgs-unstable": "nixpkgs-unstable"
      }
    },
    "systems": {
      "locked": {
        "lastModified": 1681028828,
        "narHash": "sha256-Vy1rq5AaRuLzOxct8nz4T6wlgyUR7zLU309k9mBC768=",
        "owner": "nix-systems",
        "repo": "default",
        "rev": "da67096a3b9bf56a91d16901293e51ba5b49a27e",
        "type": "github"
      },
      "original": {
        "owner": "nix-systems",
        "repo": "default",
        "type": "github"
      }
    }
  },
  "root": "root",
  "version": 7
}
